// !$*UTF8*$!
{
	archiveVersion = 1;
	classes = {
	};
	objectVersion = 50;
	objects = {

/* Begin PBXBuildFile section */
		F19FF86A2388A708000EDD5A /* AppDelegate.swift in Sources */ = {isa = PBXBuildFile; fileRef = F19FF8692388A708000EDD5A /* AppDelegate.swift */; };
		F19FF8712388A708000EDD5A /* Main.storyboard in Resources */ = {isa = PBXBuildFile; fileRef = F19FF86F2388A708000EDD5A /* Main.storyboard */; };
		F19FF8732388A70A000EDD5A /* Assets.xcassets in Resources */ = {isa = PBXBuildFile; fileRef = F19FF8722388A70A000EDD5A /* Assets.xcassets */; };
		F19FF8762388A70A000EDD5A /* LaunchScreen.storyboard in Resources */ = {isa = PBXBuildFile; fileRef = F19FF8742388A70A000EDD5A /* LaunchScreen.storyboard */; };
		F1A289BE2388AB8D003CEB36 /* Request.swift in Sources */ = {isa = PBXBuildFile; fileRef = F1A289BD2388AB8D003CEB36 /* Request.swift */; };
		F1A289C02388ABAC003CEB36 /* HTTPMethod.swift in Sources */ = {isa = PBXBuildFile; fileRef = F1A289BF2388ABAC003CEB36 /* HTTPMethod.swift */; };
		F1A289C22388AC5C003CEB36 /* NetworkInitiator.swift in Sources */ = {isa = PBXBuildFile; fileRef = F1A289C12388AC5C003CEB36 /* NetworkInitiator.swift */; };
		F1A289C523891FAF003CEB36 /* ChallengesVC.swift in Sources */ = {isa = PBXBuildFile; fileRef = F1A289C423891FAF003CEB36 /* ChallengesVC.swift */; };
		F1A289CC2389206F003CEB36 /* GenericTVC.swift in Sources */ = {isa = PBXBuildFile; fileRef = F1A289CB2389206F003CEB36 /* GenericTVC.swift */; };
		F1A289CF238920B3003CEB36 /* UIViewExtension.swift in Sources */ = {isa = PBXBuildFile; fileRef = F1A289CE238920B3003CEB36 /* UIViewExtension.swift */; };
		F1A289D123892901003CEB36 /* ChallengeView.swift in Sources */ = {isa = PBXBuildFile; fileRef = F1A289D023892901003CEB36 /* ChallengeView.swift */; };
		F1A289D323892941003CEB36 /* ChallengeView.xib in Resources */ = {isa = PBXBuildFile; fileRef = F1A289D223892941003CEB36 /* ChallengeView.xib */; };
		F1A289D623892B8A003CEB36 /* Media.xcassets in Resources */ = {isa = PBXBuildFile; fileRef = F1A289D523892B8A003CEB36 /* Media.xcassets */; };
		F1A289D923892D3A003CEB36 /* Challenge.swift in Sources */ = {isa = PBXBuildFile; fileRef = F1A289D823892D3A003CEB36 /* Challenge.swift */; };
		F1A289DC23892E24003CEB36 /* ChallengeHeader.xib in Resources */ = {isa = PBXBuildFile; fileRef = F1A289DB23892E24003CEB36 /* ChallengeHeader.xib */; };
		F1A289DE23892E41003CEB36 /* ChallengeHeader.swift in Sources */ = {isa = PBXBuildFile; fileRef = F1A289DD23892E41003CEB36 /* ChallengeHeader.swift */; };
		F1A289E02389367A003CEB36 /* UIColorExtension.swift in Sources */ = {isa = PBXBuildFile; fileRef = F1A289DF2389367A003CEB36 /* UIColorExtension.swift */; };
		F1DD671E238940EF000564A3 /* ChallengeTableHeader.xib in Resources */ = {isa = PBXBuildFile; fileRef = F1DD671D238940EF000564A3 /* ChallengeTableHeader.xib */; };
		F1DD672023894228000564A3 /* ChallengeTableHeader.swift in Sources */ = {isa = PBXBuildFile; fileRef = F1DD671F23894228000564A3 /* ChallengeTableHeader.swift */; };
/* End PBXBuildFile section */

/* Begin PBXFileReference section */
		F19FF8662388A708000EDD5A /* TalentGarden Hackathon.app */ = {isa = PBXFileReference; explicitFileType = wrapper.application; includeInIndex = 0; path = "TalentGarden Hackathon.app"; sourceTree = BUILT_PRODUCTS_DIR; };
		F19FF8692388A708000EDD5A /* AppDelegate.swift */ = {isa = PBXFileReference; lastKnownFileType = sourcecode.swift; path = AppDelegate.swift; sourceTree = "<group>"; };
		F19FF8702388A708000EDD5A /* Base */ = {isa = PBXFileReference; lastKnownFileType = file.storyboard; name = Base; path = Base.lproj/Main.storyboard; sourceTree = "<group>"; };
		F19FF8722388A70A000EDD5A /* Assets.xcassets */ = {isa = PBXFileReference; lastKnownFileType = folder.assetcatalog; path = Assets.xcassets; sourceTree = "<group>"; };
		F19FF8752388A70A000EDD5A /* Base */ = {isa = PBXFileReference; lastKnownFileType = file.storyboard; name = Base; path = Base.lproj/LaunchScreen.storyboard; sourceTree = "<group>"; };
		F19FF8772388A70A000EDD5A /* Info.plist */ = {isa = PBXFileReference; lastKnownFileType = text.plist.xml; path = Info.plist; sourceTree = "<group>"; };
		F1A289BD2388AB8D003CEB36 /* Request.swift */ = {isa = PBXFileReference; lastKnownFileType = sourcecode.swift; path = Request.swift; sourceTree = "<group>"; };
		F1A289BF2388ABAC003CEB36 /* HTTPMethod.swift */ = {isa = PBXFileReference; lastKnownFileType = sourcecode.swift; path = HTTPMethod.swift; sourceTree = "<group>"; };
		F1A289C12388AC5C003CEB36 /* NetworkInitiator.swift */ = {isa = PBXFileReference; lastKnownFileType = sourcecode.swift; path = NetworkInitiator.swift; sourceTree = "<group>"; };
		F1A289C423891FAF003CEB36 /* ChallengesVC.swift */ = {isa = PBXFileReference; lastKnownFileType = sourcecode.swift; path = ChallengesVC.swift; sourceTree = "<group>"; };
		F1A289CB2389206F003CEB36 /* GenericTVC.swift */ = {isa = PBXFileReference; lastKnownFileType = sourcecode.swift; path = GenericTVC.swift; sourceTree = "<group>"; };
		F1A289CE238920B3003CEB36 /* UIViewExtension.swift */ = {isa = PBXFileReference; lastKnownFileType = sourcecode.swift; path = UIViewExtension.swift; sourceTree = "<group>"; };
		F1A289D023892901003CEB36 /* ChallengeView.swift */ = {isa = PBXFileReference; lastKnownFileType = sourcecode.swift; path = ChallengeView.swift; sourceTree = "<group>"; };
		F1A289D223892941003CEB36 /* ChallengeView.xib */ = {isa = PBXFileReference; lastKnownFileType = file.xib; path = ChallengeView.xib; sourceTree = "<group>"; };
		F1A289D523892B8A003CEB36 /* Media.xcassets */ = {isa = PBXFileReference; lastKnownFileType = folder.assetcatalog; path = Media.xcassets; sourceTree = "<group>"; };
		F1A289D823892D3A003CEB36 /* Challenge.swift */ = {isa = PBXFileReference; lastKnownFileType = sourcecode.swift; path = Challenge.swift; sourceTree = "<group>"; };
		F1A289DB23892E24003CEB36 /* ChallengeHeader.xib */ = {isa = PBXFileReference; lastKnownFileType = file.xib; path = ChallengeHeader.xib; sourceTree = "<group>"; };
		F1A289DD23892E41003CEB36 /* ChallengeHeader.swift */ = {isa = PBXFileReference; lastKnownFileType = sourcecode.swift; path = ChallengeHeader.swift; sourceTree = "<group>"; };
		F1A289DF2389367A003CEB36 /* UIColorExtension.swift */ = {isa = PBXFileReference; lastKnownFileType = sourcecode.swift; path = UIColorExtension.swift; sourceTree = "<group>"; };
		F1DD671D238940EF000564A3 /* ChallengeTableHeader.xib */ = {isa = PBXFileReference; lastKnownFileType = file.xib; path = ChallengeTableHeader.xib; sourceTree = "<group>"; };
		F1DD671F23894228000564A3 /* ChallengeTableHeader.swift */ = {isa = PBXFileReference; lastKnownFileType = sourcecode.swift; path = ChallengeTableHeader.swift; sourceTree = "<group>"; };
/* End PBXFileReference section */

/* Begin PBXFrameworksBuildPhase section */
		F19FF8632388A708000EDD5A /* Frameworks */ = {
			isa = PBXFrameworksBuildPhase;
			buildActionMask = 2147483647;
			files = (
			);
			runOnlyForDeploymentPostprocessing = 0;
		};
/* End PBXFrameworksBuildPhase section */

/* Begin PBXGroup section */
		F19FF85D2388A708000EDD5A = {
			isa = PBXGroup;
			children = (
				F19FF8682388A708000EDD5A /* TalentGarden Hackathon */,
				F19FF8672388A708000EDD5A /* Products */,
			);
			sourceTree = "<group>";
		};
		F19FF8672388A708000EDD5A /* Products */ = {
			isa = PBXGroup;
			children = (
				F19FF8662388A708000EDD5A /* TalentGarden Hackathon.app */,
			);
			name = Products;
			sourceTree = "<group>";
		};
		F19FF8682388A708000EDD5A /* TalentGarden Hackathon */ = {
			isa = PBXGroup;
			children = (
				F1A289BC2388AB78003CEB36 /* Networking */,
				F1A289C623892027003CEB36 /* Cells */,
				F1A289C323891F98003CEB36 /* Features */,
				F1A289CD238920A7003CEB36 /* Extensions */,
				F19FF8692388A708000EDD5A /* AppDelegate.swift */,
				F19FF86F2388A708000EDD5A /* Main.storyboard */,
				F19FF8722388A70A000EDD5A /* Assets.xcassets */,
				F1A289D523892B8A003CEB36 /* Media.xcassets */,
				F19FF8742388A70A000EDD5A /* LaunchScreen.storyboard */,
				F19FF8772388A70A000EDD5A /* Info.plist */,
			);
			path = "TalentGarden Hackathon";
			sourceTree = "<group>";
		};
		F1A289BC2388AB78003CEB36 /* Networking */ = {
			isa = PBXGroup;
			children = (
				F1A289D723892D31003CEB36 /* Models */,
				F1A289BD2388AB8D003CEB36 /* Request.swift */,
				F1A289BF2388ABAC003CEB36 /* HTTPMethod.swift */,
				F1A289C12388AC5C003CEB36 /* NetworkInitiator.swift */,
			);
			path = Networking;
			sourceTree = "<group>";
		};
		F1A289C323891F98003CEB36 /* Features */ = {
			isa = PBXGroup;
			children = (
				F1A289DA23892E09003CEB36 /* Challenges */,
			);
			path = Features;
			sourceTree = "<group>";
		};
		F1A289C623892027003CEB36 /* Cells */ = {
			isa = PBXGroup;
			children = (
				F1A289CB2389206F003CEB36 /* GenericTVC.swift */,
				F1A289D023892901003CEB36 /* ChallengeView.swift */,
				F1A289D223892941003CEB36 /* ChallengeView.xib */,
			);
			path = Cells;
			sourceTree = "<group>";
		};
		F1A289CD238920A7003CEB36 /* Extensions */ = {
			isa = PBXGroup;
			children = (
				F1A289CE238920B3003CEB36 /* UIViewExtension.swift */,
				F1A289DF2389367A003CEB36 /* UIColorExtension.swift */,
			);
			path = Extensions;
			sourceTree = "<group>";
		};
		F1A289D723892D31003CEB36 /* Models */ = {
			isa = PBXGroup;
			children = (
				F1A289D823892D3A003CEB36 /* Challenge.swift */,
			);
			path = Models;
			sourceTree = "<group>";
		};
		F1A289DA23892E09003CEB36 /* Challenges */ = {
			isa = PBXGroup;
			children = (
				F1A289C423891FAF003CEB36 /* ChallengesVC.swift */,
				F1A289DB23892E24003CEB36 /* ChallengeHeader.xib */,
				F1A289DD23892E41003CEB36 /* ChallengeHeader.swift */,
				F1DD671D238940EF000564A3 /* ChallengeTableHeader.xib */,
				F1DD671F23894228000564A3 /* ChallengeTableHeader.swift */,
			);
			path = Challenges;
			sourceTree = "<group>";
		};
/* End PBXGroup section */

/* Begin PBXNativeTarget section */
		F19FF8652388A708000EDD5A /* TalentGarden Hackathon */ = {
			isa = PBXNativeTarget;
			buildConfigurationList = F19FF87A2388A70A000EDD5A /* Build configuration list for PBXNativeTarget "TalentGarden Hackathon" */;
			buildPhases = (
				F19FF8622388A708000EDD5A /* Sources */,
				F19FF8632388A708000EDD5A /* Frameworks */,
				F19FF8642388A708000EDD5A /* Resources */,
			);
			buildRules = (
			);
			dependencies = (
			);
			name = "TalentGarden Hackathon";
			productName = "TalentGarden Hackathon";
			productReference = F19FF8662388A708000EDD5A /* TalentGarden Hackathon.app */;
			productType = "com.apple.product-type.application";
		};
/* End PBXNativeTarget section */

/* Begin PBXProject section */
		F19FF85E2388A708000EDD5A /* Project object */ = {
			isa = PBXProject;
			attributes = {
				LastSwiftUpdateCheck = 1120;
				LastUpgradeCheck = 1120;
				ORGANIZATIONNAME = "Andrei Vătășelu";
				TargetAttributes = {
					F19FF8652388A708000EDD5A = {
						CreatedOnToolsVersion = 11.2.1;
					};
				};
			};
			buildConfigurationList = F19FF8612388A708000EDD5A /* Build configuration list for PBXProject "TalentGarden Hackathon" */;
			compatibilityVersion = "Xcode 9.3";
			developmentRegion = en;
			hasScannedForEncodings = 0;
			knownRegions = (
				en,
				Base,
			);
			mainGroup = F19FF85D2388A708000EDD5A;
			productRefGroup = F19FF8672388A708000EDD5A /* Products */;
			projectDirPath = "";
			projectRoot = "";
			targets = (
				F19FF8652388A708000EDD5A /* TalentGarden Hackathon */,
			);
		};
/* End PBXProject section */

/* Begin PBXResourcesBuildPhase section */
		F19FF8642388A708000EDD5A /* Resources */ = {
			isa = PBXResourcesBuildPhase;
			buildActionMask = 2147483647;
			files = (
				F1A289D623892B8A003CEB36 /* Media.xcassets in Resources */,
				F1A289D323892941003CEB36 /* ChallengeView.xib in Resources */,
				F19FF8762388A70A000EDD5A /* LaunchScreen.storyboard in Resources */,
				F19FF8732388A70A000EDD5A /* Assets.xcassets in Resources */,
				F1A289DC23892E24003CEB36 /* ChallengeHeader.xib in Resources */,
				F1DD671E238940EF000564A3 /* ChallengeTableHeader.xib in Resources */,
				F19FF8712388A708000EDD5A /* Main.storyboard in Resources */,
			);
			runOnlyForDeploymentPostprocessing = 0;
		};
/* End PBXResourcesBuildPhase section */

/* Begin PBXSourcesBuildPhase section */
		F19FF8622388A708000EDD5A /* Sources */ = {
			isa = PBXSourcesBuildPhase;
			buildActionMask = 2147483647;
			files = (
				F1A289CC2389206F003CEB36 /* GenericTVC.swift in Sources */,
				F1A289C02388ABAC003CEB36 /* HTTPMethod.swift in Sources */,
				F1A289CF238920B3003CEB36 /* UIViewExtension.swift in Sources */,
				F1A289C523891FAF003CEB36 /* ChallengesVC.swift in Sources */,
				F1A289DE23892E41003CEB36 /* ChallengeHeader.swift in Sources */,
				F1A289D123892901003CEB36 /* ChallengeView.swift in Sources */,
				F1A289C22388AC5C003CEB36 /* NetworkInitiator.swift in Sources */,
				F1A289BE2388AB8D003CEB36 /* Request.swift in Sources */,
				F1DD672023894228000564A3 /* ChallengeTableHeader.swift in Sources */,
				F19FF86A2388A708000EDD5A /* AppDelegate.swift in Sources */,
				F1A289D923892D3A003CEB36 /* Challenge.swift in Sources */,
				F1A289E02389367A003CEB36 /* UIColorExtension.swift in Sources */,
			);
			runOnlyForDeploymentPostprocessing = 0;
		};
/* End PBXSourcesBuildPhase section */

/* Begin PBXVariantGroup section */
		F19FF86F2388A708000EDD5A /* Main.storyboard */ = {
			isa = PBXVariantGroup;
			children = (
				F19FF8702388A708000EDD5A /* Base */,
			);
			name = Main.storyboard;
			sourceTree = "<group>";
		};
		F19FF8742388A70A000EDD5A /* LaunchScreen.storyboard */ = {
			isa = PBXVariantGroup;
			children = (
				F19FF8752388A70A000EDD5A /* Base */,
			);
			name = LaunchScreen.storyboard;
			sourceTree = "<group>";
		};
/* End PBXVariantGroup section */

/* Begin XCBuildConfiguration section */
		F19FF8782388A70A000EDD5A /* Debug */ = {
			isa = XCBuildConfiguration;
			buildSettings = {
				ALWAYS_SEARCH_USER_PATHS = NO;
				CLANG_ANALYZER_NONNULL = YES;
				CLANG_ANALYZER_NUMBER_OBJECT_CONVERSION = YES_AGGRESSIVE;
				CLANG_CXX_LANGUAGE_STANDARD = "gnu++14";
				CLANG_CXX_LIBRARY = "libc++";
				CLANG_ENABLE_MODULES = YES;
				CLANG_ENABLE_OBJC_ARC = YES;
				CLANG_ENABLE_OBJC_WEAK = YES;
				CLANG_WARN_BLOCK_CAPTURE_AUTORELEASING = YES;
				CLANG_WARN_BOOL_CONVERSION = YES;
				CLANG_WARN_COMMA = YES;
				CLANG_WARN_CONSTANT_CONVERSION = YES;
				CLANG_WARN_DEPRECATED_OBJC_IMPLEMENTATIONS = YES;
				CLANG_WARN_DIRECT_OBJC_ISA_USAGE = YES_ERROR;
				CLANG_WARN_DOCUMENTATION_COMMENTS = YES;
				CLANG_WARN_EMPTY_BODY = YES;
				CLANG_WARN_ENUM_CONVERSION = YES;
				CLANG_WARN_INFINITE_RECURSION = YES;
				CLANG_WARN_INT_CONVERSION = YES;
				CLANG_WARN_NON_LITERAL_NULL_CONVERSION = YES;
				CLANG_WARN_OBJC_IMPLICIT_RETAIN_SELF = YES;
				CLANG_WARN_OBJC_LITERAL_CONVERSION = YES;
				CLANG_WARN_OBJC_ROOT_CLASS = YES_ERROR;
				CLANG_WARN_RANGE_LOOP_ANALYSIS = YES;
				CLANG_WARN_STRICT_PROTOTYPES = YES;
				CLANG_WARN_SUSPICIOUS_MOVE = YES;
				CLANG_WARN_UNGUARDED_AVAILABILITY = YES_AGGRESSIVE;
				CLANG_WARN_UNREACHABLE_CODE = YES;
				CLANG_WARN__DUPLICATE_METHOD_MATCH = YES;
				COPY_PHASE_STRIP = NO;
				DEBUG_INFORMATION_FORMAT = dwarf;
				ENABLE_STRICT_OBJC_MSGSEND = YES;
				ENABLE_TESTABILITY = YES;
				GCC_C_LANGUAGE_STANDARD = gnu11;
				GCC_DYNAMIC_NO_PIC = NO;
				GCC_NO_COMMON_BLOCKS = YES;
				GCC_OPTIMIZATION_LEVEL = 0;
				GCC_PREPROCESSOR_DEFINITIONS = (
					"DEBUG=1",
					"$(inherited)",
				);
				GCC_WARN_64_TO_32_BIT_CONVERSION = YES;
				GCC_WARN_ABOUT_RETURN_TYPE = YES_ERROR;
				GCC_WARN_UNDECLARED_SELECTOR = YES;
				GCC_WARN_UNINITIALIZED_AUTOS = YES_AGGRESSIVE;
				GCC_WARN_UNUSED_FUNCTION = YES;
				GCC_WARN_UNUSED_VARIABLE = YES;
				IPHONEOS_DEPLOYMENT_TARGET = 13.2;
				MTL_ENABLE_DEBUG_INFO = INCLUDE_SOURCE;
				MTL_FAST_MATH = YES;
				ONLY_ACTIVE_ARCH = YES;
				SDKROOT = iphoneos;
				SWIFT_ACTIVE_COMPILATION_CONDITIONS = DEBUG;
				SWIFT_OPTIMIZATION_LEVEL = "-Onone";
			};
			name = Debug;
		};
		F19FF8792388A70A000EDD5A /* Release */ = {
			isa = XCBuildConfiguration;
			buildSettings = {
				ALWAYS_SEARCH_USER_PATHS = NO;
				CLANG_ANALYZER_NONNULL = YES;
				CLANG_ANALYZER_NUMBER_OBJECT_CONVERSION = YES_AGGRESSIVE;
				CLANG_CXX_LANGUAGE_STANDARD = "gnu++14";
				CLANG_CXX_LIBRARY = "libc++";
				CLANG_ENABLE_MODULES = YES;
				CLANG_ENABLE_OBJC_ARC = YES;
				CLANG_ENABLE_OBJC_WEAK = YES;
				CLANG_WARN_BLOCK_CAPTURE_AUTORELEASING = YES;
				CLANG_WARN_BOOL_CONVERSION = YES;
				CLANG_WARN_COMMA = YES;
				CLANG_WARN_CONSTANT_CONVERSION = YES;
				CLANG_WARN_DEPRECATED_OBJC_IMPLEMENTATIONS = YES;
				CLANG_WARN_DIRECT_OBJC_ISA_USAGE = YES_ERROR;
				CLANG_WARN_DOCUMENTATION_COMMENTS = YES;
				CLANG_WARN_EMPTY_BODY = YES;
				CLANG_WARN_ENUM_CONVERSION = YES;
				CLANG_WARN_INFINITE_RECURSION = YES;
				CLANG_WARN_INT_CONVERSION = YES;
				CLANG_WARN_NON_LITERAL_NULL_CONVERSION = YES;
				CLANG_WARN_OBJC_IMPLICIT_RETAIN_SELF = YES;
				CLANG_WARN_OBJC_LITERAL_CONVERSION = YES;
				CLANG_WARN_OBJC_ROOT_CLASS = YES_ERROR;
				CLANG_WARN_RANGE_LOOP_ANALYSIS = YES;
				CLANG_WARN_STRICT_PROTOTYPES = YES;
				CLANG_WARN_SUSPICIOUS_MOVE = YES;
				CLANG_WARN_UNGUARDED_AVAILABILITY = YES_AGGRESSIVE;
				CLANG_WARN_UNREACHABLE_CODE = YES;
				CLANG_WARN__DUPLICATE_METHOD_MATCH = YES;
				COPY_PHASE_STRIP = NO;
				DEBUG_INFORMATION_FORMAT = "dwarf-with-dsym";
				ENABLE_NS_ASSERTIONS = NO;
				ENABLE_STRICT_OBJC_MSGSEND = YES;
				GCC_C_LANGUAGE_STANDARD = gnu11;
				GCC_NO_COMMON_BLOCKS = YES;
				GCC_WARN_64_TO_32_BIT_CONVERSION = YES;
				GCC_WARN_ABOUT_RETURN_TYPE = YES_ERROR;
				GCC_WARN_UNDECLARED_SELECTOR = YES;
				GCC_WARN_UNINITIALIZED_AUTOS = YES_AGGRESSIVE;
				GCC_WARN_UNUSED_FUNCTION = YES;
				GCC_WARN_UNUSED_VARIABLE = YES;
				IPHONEOS_DEPLOYMENT_TARGET = 13.2;
				MTL_ENABLE_DEBUG_INFO = NO;
				MTL_FAST_MATH = YES;
				SDKROOT = iphoneos;
				SWIFT_COMPILATION_MODE = wholemodule;
				SWIFT_OPTIMIZATION_LEVEL = "-O";
				VALIDATE_PRODUCT = YES;
			};
			name = Release;
		};
		F19FF87B2388A70A000EDD5A /* Debug */ = {
			isa = XCBuildConfiguration;
			buildSettings = {
				ASSETCATALOG_COMPILER_APPICON_NAME = AppIcon;
				CODE_SIGN_STYLE = Automatic;
				INFOPLIST_FILE = "TalentGarden Hackathon/Info.plist";
				IPHONEOS_DEPLOYMENT_TARGET = 12.0;
				LD_RUNPATH_SEARCH_PATHS = (
					"$(inherited)",
					"@executable_path/Frameworks",
				);
				PRODUCT_BUNDLE_IDENTIFIER = "andreivataselu.TalentGarden-Hackathon";
				PRODUCT_NAME = "$(TARGET_NAME)";
				SWIFT_VERSION = 5.0;
				TARGETED_DEVICE_FAMILY = "1,2";
			};
			name = Debug;
		};
		F19FF87C2388A70A000EDD5A /* Release */ = {
			isa = XCBuildConfiguration;
			buildSettings = {
				ASSETCATALOG_COMPILER_APPICON_NAME = AppIcon;
				CODE_SIGN_STYLE = Automatic;
				INFOPLIST_FILE = "TalentGarden Hackathon/Info.plist";
				IPHONEOS_DEPLOYMENT_TARGET = 12.0;
				LD_RUNPATH_SEARCH_PATHS = (
					"$(inherited)",
					"@executable_path/Frameworks",
				);
				PRODUCT_BUNDLE_IDENTIFIER = "andreivataselu.TalentGarden-Hackathon";
				PRODUCT_NAME = "$(TARGET_NAME)";
				SWIFT_VERSION = 5.0;
				TARGETED_DEVICE_FAMILY = "1,2";
			};
			name = Release;
		};
/* End XCBuildConfiguration section */

/* Begin XCConfigurationList section */
		F19FF8612388A708000EDD5A /* Build configuration list for PBXProject "TalentGarden Hackathon" */ = {
			isa = XCConfigurationList;
			buildConfigurations = (
				F19FF8782388A70A000EDD5A /* Debug */,
				F19FF8792388A70A000EDD5A /* Release */,
			);
			defaultConfigurationIsVisible = 0;
			defaultConfigurationName = Release;
		};
		F19FF87A2388A70A000EDD5A /* Build configuration list for PBXNativeTarget "TalentGarden Hackathon" */ = {
			isa = XCConfigurationList;
			buildConfigurations = (
				F19FF87B2388A70A000EDD5A /* Debug */,
				F19FF87C2388A70A000EDD5A /* Release */,
			);
			defaultConfigurationIsVisible = 0;
			defaultConfigurationName = Release;
		};
/* End XCConfigurationList section */
	};
	rootObject = F19FF85E2388A708000EDD5A /* Project object */;
}
